
Microsoft Visual Studio Solution File, Format Version 12.00
# Visual Studio Version 17
VisualStudioVersion = 17.0.31919.166
MinimumVisualStudioVersion = 10.0.40219.1
Project("{FAE04EC0-301F-11D3-BF4B-00C04F79EFBC}") = "Lab5_Sem3_Galin_Mihail", "Lab5_Sem3_Galin_Mihail.csproj", "{78229E1E-2FF1-46FA-B1EC-B26B9C0BACD2}"
EndProject
Global
	GlobalSection(SolutionConfigurationPlatforms) = preSolution
		Debug|Any CPU = Debug|Any CPU
		Release|Any CPU = Release|Any CPU
	EndGlobalSection
	GlobalSection(ProjectConfigurationPlatforms) = postSolution
		{78229E1E-2FF1-46FA-B1EC-B26B9C0BACD2}.Debug|Any CPU.ActiveCfg = Debug|Any CPU
		{78229E1E-2FF1-46FA-B1EC-B26B9C0BACD2}.Debug|Any CPU.Build.0 = Debug|Any CPU
		{78229E1E-2FF1-46FA-B1EC-B26B9C0BACD2}.Release|Any CPU.ActiveCfg = Release|Any CPU
		{78229E1E-2FF1-46FA-B1EC-B26B9C0BACD2}.Release|Any CPU.Build.0 = Release|Any CPU
	EndGlobalSection
	GlobalSection(SolutionProperties) = preSolution
		HideSolutionNode = FALSE
	EndGlobalSection
	GlobalSection(ExtensibilityGlobals) = postSolution
		SolutionGuid = {34725759-5204-4C34-A69A-F5F750298A72}
	EndGlobalSection
EndGlobal
